
Microsoft Visual Studio Solution File, Format Version 12.00
# Visual Studio 2012
Project("{2150E333-8FDC-42A3-9474-1A3956D46DE8}") = "Dependencies", "Dependencies", "{BB24B95E-5CD1-4C7A-97BE-CA4CAA2D5DBC}"
EndProject
Project("{FAE04EC0-301F-11D3-BF4B-00C04F79EFBC}") = "TIS.ScoringDaemon.Web.UI", "TIS.ScoringDaemon.Web.UI\TIS.ScoringDaemon.Web.UI.csproj", "{A9D8B8E7-F21C-482A-A3A3-891B154A30E7}"
EndProject
Project("{FAE04EC0-301F-11D3-BF4B-00C04F79EFBC}") = "ItemScorerEngine", "..\TDS\ItemScoringEngine\ItemScorerManager\ItemScorerEngine.csproj", "{2586D4C7-5D1D-4C07-B243-2CC788FD871D}"
EndProject
Project("{FAE04EC0-301F-11D3-BF4B-00C04F79EFBC}") = "TDS.ScoringDaemon.Web", "..\TDS\ScoringDaemon\TDS.ScoringDaemon.Web\TDS.ScoringDaemon.Web.csproj", "{FC21D93B-AAB4-4FE4-AD99-46534E18B47C}"
EndProject
Project("{FAE04EC0-301F-11D3-BF4B-00C04F79EFBC}") = "TIS.ScoringDaemon.Web", "TIS.ScoringDaemon.Web\TIS.ScoringDaemon.Web.csproj", "{3FA97703-3C71-4A32-BF53-7F8D793F0E27}"
EndProject
Project("{FAE04EC0-301F-11D3-BF4B-00C04F79EFBC}") = "TIS.ScoringDaemon.Sql", "TIS.ScoringDaemon.Sql\TIS.ScoringDaemon.Sql.csproj", "{7754701C-4914-49AD-9210-E9070C31742C}"
EndProject
Project("{FAE04EC0-301F-11D3-BF4B-00C04F79EFBC}") = "TDS.ScoringDaemon.Abstractions", "..\TDS\ScoringDaemon\TDS.ScoringDaemon.Abstractions\TDS.ScoringDaemon.Abstractions.csproj", "{9FA4A973-71AE-4B33-87CB-65E032112DB1}"
EndProject
Project("{FAE04EC0-301F-11D3-BF4B-00C04F79EFBC}") = "AIR.Common", "..\TDS\Common\AIR.Common\AIR.Common.csproj", "{E11C4060-59B5-401D-BF72-1F52156E64DB}"
EndProject
Project("{FAE04EC0-301F-11D3-BF4B-00C04F79EFBC}") = "TIS.ScoringDaemon.Abstractions", "TIS.ScoringDaemon.Abstractions\TIS.ScoringDaemon.Abstractions.csproj", "{BDCDC789-5E31-4722-B618-0ED40C1C779E}"
EndProject
Project("{FAE04EC0-301F-11D3-BF4B-00C04F79EFBC}") = "ScoringEngine", "..\TestScoringEngine\ScoringEngine\ScoringEngine.csproj", "{C7954359-0FA0-444E-87AC-07069CE64E21}"
EndProject
Project("{FAE04EC0-301F-11D3-BF4B-00C04F79EFBC}") = "TISItemResolution", "..\Common\TISItemResolution\TISItemResolution.csproj", "{E85D9C4E-0757-4DD3-A6C0-80ABD0284C64}"
EndProject
Project("{FAE04EC0-301F-11D3-BF4B-00C04F79EFBC}") = "TDSQASystemAPI", "..\Common\TDSQASystemAPI\TDSQASystemAPI.csproj", "{5A2159CB-2DF4-4B08-9E21-F772B7B03540}"
EndProject
Project("{FAE04EC0-301F-11D3-BF4B-00C04F79EFBC}") = "CommonUtilities", "..\Common\CommonUtilities\CommonUtilities.csproj", "{2EA7168E-0377-4703-B970-491F12EF6A09}"
EndProject
Project("{FAE04EC0-301F-11D3-BF4B-00C04F79EFBC}") = "TDS.Shared", "..\TDS\SharedStable\TDS.Shared\TDS.Shared.csproj", "{333414CC-30E7-4E31-951D-A6CA78D73ABD}"
EndProject
Global
	GlobalSection(SolutionConfigurationPlatforms) = preSolution
		Debug Manifest|Any CPU = Debug Manifest|Any CPU
		Debug|Any CPU = Debug|Any CPU
		Deployment|Any CPU = Deployment|Any CPU
		Dev|Any CPU = Dev|Any CPU
		Development|Any CPU = Development|Any CPU
		Release|Any CPU = Release|Any CPU
		Testing|Any CPU = Testing|Any CPU
	EndGlobalSection
	GlobalSection(ProjectConfigurationPlatforms) = postSolution
		{A9D8B8E7-F21C-482A-A3A3-891B154A30E7}.Debug Manifest|Any CPU.ActiveCfg = Debug|Any CPU
		{A9D8B8E7-F21C-482A-A3A3-891B154A30E7}.Debug Manifest|Any CPU.Build.0 = Debug|Any CPU
		{A9D8B8E7-F21C-482A-A3A3-891B154A30E7}.Debug|Any CPU.ActiveCfg = Debug|Any CPU
		{A9D8B8E7-F21C-482A-A3A3-891B154A30E7}.Debug|Any CPU.Build.0 = Debug|Any CPU
		{A9D8B8E7-F21C-482A-A3A3-891B154A30E7}.Deployment|Any CPU.ActiveCfg = Debug|Any CPU
		{A9D8B8E7-F21C-482A-A3A3-891B154A30E7}.Deployment|Any CPU.Build.0 = Debug|Any CPU
		{A9D8B8E7-F21C-482A-A3A3-891B154A30E7}.Dev|Any CPU.ActiveCfg = Debug|Any CPU
		{A9D8B8E7-F21C-482A-A3A3-891B154A30E7}.Dev|Any CPU.Build.0 = Debug|Any CPU
		{A9D8B8E7-F21C-482A-A3A3-891B154A30E7}.Development|Any CPU.ActiveCfg = Debug|Any CPU
		{A9D8B8E7-F21C-482A-A3A3-891B154A30E7}.Development|Any CPU.Build.0 = Debug|Any CPU
		{A9D8B8E7-F21C-482A-A3A3-891B154A30E7}.Release|Any CPU.ActiveCfg = Release|Any CPU
		{A9D8B8E7-F21C-482A-A3A3-891B154A30E7}.Release|Any CPU.Build.0 = Release|Any CPU
		{A9D8B8E7-F21C-482A-A3A3-891B154A30E7}.Testing|Any CPU.ActiveCfg = Release|Any CPU
		{A9D8B8E7-F21C-482A-A3A3-891B154A30E7}.Testing|Any CPU.Build.0 = Release|Any CPU
		{2586D4C7-5D1D-4C07-B243-2CC788FD871D}.Debug Manifest|Any CPU.ActiveCfg = Debug Manifest|Any CPU
		{2586D4C7-5D1D-4C07-B243-2CC788FD871D}.Debug Manifest|Any CPU.Build.0 = Debug Manifest|Any CPU
		{2586D4C7-5D1D-4C07-B243-2CC788FD871D}.Debug|Any CPU.ActiveCfg = Debug|Any CPU
		{2586D4C7-5D1D-4C07-B243-2CC788FD871D}.Debug|Any CPU.Build.0 = Debug|Any CPU
		{2586D4C7-5D1D-4C07-B243-2CC788FD871D}.Deployment|Any CPU.ActiveCfg = Development|Any CPU
		{2586D4C7-5D1D-4C07-B243-2CC788FD871D}.Deployment|Any CPU.Build.0 = Development|Any CPU
		{2586D4C7-5D1D-4C07-B243-2CC788FD871D}.Dev|Any CPU.ActiveCfg = Development|Any CPU
		{2586D4C7-5D1D-4C07-B243-2CC788FD871D}.Dev|Any CPU.Build.0 = Development|Any CPU
		{2586D4C7-5D1D-4C07-B243-2CC788FD871D}.Development|Any CPU.ActiveCfg = Development|Any CPU
		{2586D4C7-5D1D-4C07-B243-2CC788FD871D}.Development|Any CPU.Build.0 = Development|Any CPU
		{2586D4C7-5D1D-4C07-B243-2CC788FD871D}.Release|Any CPU.ActiveCfg = Release|Any CPU
		{2586D4C7-5D1D-4C07-B243-2CC788FD871D}.Release|Any CPU.Build.0 = Release|Any CPU
		{2586D4C7-5D1D-4C07-B243-2CC788FD871D}.Testing|Any CPU.ActiveCfg = Release|Any CPU
		{2586D4C7-5D1D-4C07-B243-2CC788FD871D}.Testing|Any CPU.Build.0 = Release|Any CPU
		{FC21D93B-AAB4-4FE4-AD99-46534E18B47C}.Debug Manifest|Any CPU.ActiveCfg = Debug|Any CPU
		{FC21D93B-AAB4-4FE4-AD99-46534E18B47C}.Debug Manifest|Any CPU.Build.0 = Debug|Any CPU
		{FC21D93B-AAB4-4FE4-AD99-46534E18B47C}.Debug|Any CPU.ActiveCfg = Debug|Any CPU
		{FC21D93B-AAB4-4FE4-AD99-46534E18B47C}.Debug|Any CPU.Build.0 = Debug|Any CPU
		{FC21D93B-AAB4-4FE4-AD99-46534E18B47C}.Deployment|Any CPU.ActiveCfg = Debug|Any CPU
		{FC21D93B-AAB4-4FE4-AD99-46534E18B47C}.Deployment|Any CPU.Build.0 = Debug|Any CPU
		{FC21D93B-AAB4-4FE4-AD99-46534E18B47C}.Dev|Any CPU.ActiveCfg = Debug|Any CPU
		{FC21D93B-AAB4-4FE4-AD99-46534E18B47C}.Dev|Any CPU.Build.0 = Debug|Any CPU
		{FC21D93B-AAB4-4FE4-AD99-46534E18B47C}.Development|Any CPU.ActiveCfg = Debug|Any CPU
		{FC21D93B-AAB4-4FE4-AD99-46534E18B47C}.Development|Any CPU.Build.0 = Debug|Any CPU
		{FC21D93B-AAB4-4FE4-AD99-46534E18B47C}.Release|Any CPU.ActiveCfg = Release|Any CPU
		{FC21D93B-AAB4-4FE4-AD99-46534E18B47C}.Release|Any CPU.Build.0 = Release|Any CPU
		{FC21D93B-AAB4-4FE4-AD99-46534E18B47C}.Testing|Any CPU.ActiveCfg = Release|Any CPU
		{FC21D93B-AAB4-4FE4-AD99-46534E18B47C}.Testing|Any CPU.Build.0 = Release|Any CPU
		{3FA97703-3C71-4A32-BF53-7F8D793F0E27}.Debug Manifest|Any CPU.ActiveCfg = Debug|Any CPU
		{3FA97703-3C71-4A32-BF53-7F8D793F0E27}.Debug Manifest|Any CPU.Build.0 = Debug|Any CPU
		{3FA97703-3C71-4A32-BF53-7F8D793F0E27}.Debug|Any CPU.ActiveCfg = Debug|Any CPU
		{3FA97703-3C71-4A32-BF53-7F8D793F0E27}.Debug|Any CPU.Build.0 = Debug|Any CPU
		{3FA97703-3C71-4A32-BF53-7F8D793F0E27}.Deployment|Any CPU.ActiveCfg = Debug|Any CPU
		{3FA97703-3C71-4A32-BF53-7F8D793F0E27}.Deployment|Any CPU.Build.0 = Debug|Any CPU
		{3FA97703-3C71-4A32-BF53-7F8D793F0E27}.Dev|Any CPU.ActiveCfg = Debug|Any CPU
		{3FA97703-3C71-4A32-BF53-7F8D793F0E27}.Dev|Any CPU.Build.0 = Debug|Any CPU
		{3FA97703-3C71-4A32-BF53-7F8D793F0E27}.Development|Any CPU.ActiveCfg = Debug|Any CPU
		{3FA97703-3C71-4A32-BF53-7F8D793F0E27}.Development|Any CPU.Build.0 = Debug|Any CPU
		{3FA97703-3C71-4A32-BF53-7F8D793F0E27}.Release|Any CPU.ActiveCfg = Release|Any CPU
		{3FA97703-3C71-4A32-BF53-7F8D793F0E27}.Release|Any CPU.Build.0 = Release|Any CPU
		{3FA97703-3C71-4A32-BF53-7F8D793F0E27}.Testing|Any CPU.ActiveCfg = Release|Any CPU
		{3FA97703-3C71-4A32-BF53-7F8D793F0E27}.Testing|Any CPU.Build.0 = Release|Any CPU
		{7754701C-4914-49AD-9210-E9070C31742C}.Debug Manifest|Any CPU.ActiveCfg = Debug|Any CPU
		{7754701C-4914-49AD-9210-E9070C31742C}.Debug Manifest|Any CPU.Build.0 = Debug|Any CPU
		{7754701C-4914-49AD-9210-E9070C31742C}.Debug|Any CPU.ActiveCfg = Debug|Any CPU
		{7754701C-4914-49AD-9210-E9070C31742C}.Debug|Any CPU.Build.0 = Debug|Any CPU
		{7754701C-4914-49AD-9210-E9070C31742C}.Deployment|Any CPU.ActiveCfg = Debug|Any CPU
		{7754701C-4914-49AD-9210-E9070C31742C}.Deployment|Any CPU.Build.0 = Debug|Any CPU
		{7754701C-4914-49AD-9210-E9070C31742C}.Dev|Any CPU.ActiveCfg = Debug|Any CPU
		{7754701C-4914-49AD-9210-E9070C31742C}.Dev|Any CPU.Build.0 = Debug|Any CPU
		{7754701C-4914-49AD-9210-E9070C31742C}.Development|Any CPU.ActiveCfg = Debug|Any CPU
		{7754701C-4914-49AD-9210-E9070C31742C}.Development|Any CPU.Build.0 = Debug|Any CPU
		{7754701C-4914-49AD-9210-E9070C31742C}.Release|Any CPU.ActiveCfg = Release|Any CPU
		{7754701C-4914-49AD-9210-E9070C31742C}.Release|Any CPU.Build.0 = Release|Any CPU
		{7754701C-4914-49AD-9210-E9070C31742C}.Testing|Any CPU.ActiveCfg = Release|Any CPU
		{7754701C-4914-49AD-9210-E9070C31742C}.Testing|Any CPU.Build.0 = Release|Any CPU
		{9FA4A973-71AE-4B33-87CB-65E032112DB1}.Debug Manifest|Any CPU.ActiveCfg = Debug|Any CPU
		{9FA4A973-71AE-4B33-87CB-65E032112DB1}.Debug Manifest|Any CPU.Build.0 = Debug|Any CPU
		{9FA4A973-71AE-4B33-87CB-65E032112DB1}.Debug|Any CPU.ActiveCfg = Debug|Any CPU
		{9FA4A973-71AE-4B33-87CB-65E032112DB1}.Debug|Any CPU.Build.0 = Debug|Any CPU
		{9FA4A973-71AE-4B33-87CB-65E032112DB1}.Deployment|Any CPU.ActiveCfg = Debug|Any CPU
		{9FA4A973-71AE-4B33-87CB-65E032112DB1}.Deployment|Any CPU.Build.0 = Debug|Any CPU
		{9FA4A973-71AE-4B33-87CB-65E032112DB1}.Dev|Any CPU.ActiveCfg = Debug|Any CPU
		{9FA4A973-71AE-4B33-87CB-65E032112DB1}.Dev|Any CPU.Build.0 = Debug|Any CPU
		{9FA4A973-71AE-4B33-87CB-65E032112DB1}.Development|Any CPU.ActiveCfg = Debug|Any CPU
		{9FA4A973-71AE-4B33-87CB-65E032112DB1}.Development|Any CPU.Build.0 = Debug|Any CPU
		{9FA4A973-71AE-4B33-87CB-65E032112DB1}.Release|Any CPU.ActiveCfg = Release|Any CPU
		{9FA4A973-71AE-4B33-87CB-65E032112DB1}.Release|Any CPU.Build.0 = Release|Any CPU
		{9FA4A973-71AE-4B33-87CB-65E032112DB1}.Testing|Any CPU.ActiveCfg = Release|Any CPU
		{9FA4A973-71AE-4B33-87CB-65E032112DB1}.Testing|Any CPU.Build.0 = Release|Any CPU
		{E11C4060-59B5-401D-BF72-1F52156E64DB}.Debug Manifest|Any CPU.ActiveCfg = Debug Manifest|Any CPU
		{E11C4060-59B5-401D-BF72-1F52156E64DB}.Debug Manifest|Any CPU.Build.0 = Debug Manifest|Any CPU
		{E11C4060-59B5-401D-BF72-1F52156E64DB}.Debug|Any CPU.ActiveCfg = Debug|Any CPU
		{E11C4060-59B5-401D-BF72-1F52156E64DB}.Debug|Any CPU.Build.0 = Debug|Any CPU
		{E11C4060-59B5-401D-BF72-1F52156E64DB}.Deployment|Any CPU.ActiveCfg = Deployment|Any CPU
		{E11C4060-59B5-401D-BF72-1F52156E64DB}.Deployment|Any CPU.Build.0 = Deployment|Any CPU
		{E11C4060-59B5-401D-BF72-1F52156E64DB}.Dev|Any CPU.ActiveCfg = Development|Any CPU
		{E11C4060-59B5-401D-BF72-1F52156E64DB}.Dev|Any CPU.Build.0 = Development|Any CPU
		{E11C4060-59B5-401D-BF72-1F52156E64DB}.Development|Any CPU.ActiveCfg = Development|Any CPU
		{E11C4060-59B5-401D-BF72-1F52156E64DB}.Development|Any CPU.Build.0 = Development|Any CPU
		{E11C4060-59B5-401D-BF72-1F52156E64DB}.Release|Any CPU.ActiveCfg = Release|Any CPU
		{E11C4060-59B5-401D-BF72-1F52156E64DB}.Release|Any CPU.Build.0 = Release|Any CPU
		{E11C4060-59B5-401D-BF72-1F52156E64DB}.Testing|Any CPU.ActiveCfg = Release|Any CPU
		{E11C4060-59B5-401D-BF72-1F52156E64DB}.Testing|Any CPU.Build.0 = Release|Any CPU
		{BDCDC789-5E31-4722-B618-0ED40C1C779E}.Debug Manifest|Any CPU.ActiveCfg = Debug|Any CPU
		{BDCDC789-5E31-4722-B618-0ED40C1C779E}.Debug Manifest|Any CPU.Build.0 = Debug|Any CPU
		{BDCDC789-5E31-4722-B618-0ED40C1C779E}.Debug|Any CPU.ActiveCfg = Debug|Any CPU
		{BDCDC789-5E31-4722-B618-0ED40C1C779E}.Debug|Any CPU.Build.0 = Debug|Any CPU
		{BDCDC789-5E31-4722-B618-0ED40C1C779E}.Deployment|Any CPU.ActiveCfg = Debug|Any CPU
		{BDCDC789-5E31-4722-B618-0ED40C1C779E}.Deployment|Any CPU.Build.0 = Debug|Any CPU
		{BDCDC789-5E31-4722-B618-0ED40C1C779E}.Dev|Any CPU.ActiveCfg = Debug|Any CPU
		{BDCDC789-5E31-4722-B618-0ED40C1C779E}.Dev|Any CPU.Build.0 = Debug|Any CPU
		{BDCDC789-5E31-4722-B618-0ED40C1C779E}.Development|Any CPU.ActiveCfg = Debug|Any CPU
		{BDCDC789-5E31-4722-B618-0ED40C1C779E}.Development|Any CPU.Build.0 = Debug|Any CPU
		{BDCDC789-5E31-4722-B618-0ED40C1C779E}.Release|Any CPU.ActiveCfg = Release|Any CPU
		{BDCDC789-5E31-4722-B618-0ED40C1C779E}.Release|Any CPU.Build.0 = Release|Any CPU
		{BDCDC789-5E31-4722-B618-0ED40C1C779E}.Testing|Any CPU.ActiveCfg = Release|Any CPU
		{BDCDC789-5E31-4722-B618-0ED40C1C779E}.Testing|Any CPU.Build.0 = Release|Any CPU
		{C7954359-0FA0-444E-87AC-07069CE64E21}.Debug Manifest|Any CPU.ActiveCfg = Debug|Any CPU
		{C7954359-0FA0-444E-87AC-07069CE64E21}.Debug Manifest|Any CPU.Build.0 = Debug|Any CPU
		{C7954359-0FA0-444E-87AC-07069CE64E21}.Debug|Any CPU.ActiveCfg = Debug|Any CPU
		{C7954359-0FA0-444E-87AC-07069CE64E21}.Debug|Any CPU.Build.0 = Debug|Any CPU
		{C7954359-0FA0-444E-87AC-07069CE64E21}.Deployment|Any CPU.ActiveCfg = Debug|Any CPU
		{C7954359-0FA0-444E-87AC-07069CE64E21}.Deployment|Any CPU.Build.0 = Debug|Any CPU
		{C7954359-0FA0-444E-87AC-07069CE64E21}.Dev|Any CPU.ActiveCfg = Debug|Any CPU
		{C7954359-0FA0-444E-87AC-07069CE64E21}.Dev|Any CPU.Build.0 = Debug|Any CPU
		{C7954359-0FA0-444E-87AC-07069CE64E21}.Development|Any CPU.ActiveCfg = Debug|Any CPU
		{C7954359-0FA0-444E-87AC-07069CE64E21}.Development|Any CPU.Build.0 = Debug|Any CPU
		{C7954359-0FA0-444E-87AC-07069CE64E21}.Release|Any CPU.ActiveCfg = Release|Any CPU
		{C7954359-0FA0-444E-87AC-07069CE64E21}.Release|Any CPU.Build.0 = Release|Any CPU
		{C7954359-0FA0-444E-87AC-07069CE64E21}.Testing|Any CPU.ActiveCfg = Release|Any CPU
		{C7954359-0FA0-444E-87AC-07069CE64E21}.Testing|Any CPU.Build.0 = Release|Any CPU
		{E85D9C4E-0757-4DD3-A6C0-80ABD0284C64}.Debug Manifest|Any CPU.ActiveCfg = Debug|Any CPU
		{E85D9C4E-0757-4DD3-A6C0-80ABD0284C64}.Debug Manifest|Any CPU.Build.0 = Debug|Any CPU
		{E85D9C4E-0757-4DD3-A6C0-80ABD0284C64}.Debug|Any CPU.ActiveCfg = Debug|Any CPU
		{E85D9C4E-0757-4DD3-A6C0-80ABD0284C64}.Debug|Any CPU.Build.0 = Debug|Any CPU
		{E85D9C4E-0757-4DD3-A6C0-80ABD0284C64}.Deployment|Any CPU.ActiveCfg = Debug|Any CPU
		{E85D9C4E-0757-4DD3-A6C0-80ABD0284C64}.Deployment|Any CPU.Build.0 = Debug|Any CPU
		{E85D9C4E-0757-4DD3-A6C0-80ABD0284C64}.Dev|Any CPU.ActiveCfg = Debug|Any CPU
		{E85D9C4E-0757-4DD3-A6C0-80ABD0284C64}.Dev|Any CPU.Build.0 = Debug|Any CPU
		{E85D9C4E-0757-4DD3-A6C0-80ABD0284C64}.Development|Any CPU.ActiveCfg = Debug|Any CPU
		{E85D9C4E-0757-4DD3-A6C0-80ABD0284C64}.Development|Any CPU.Build.0 = Debug|Any CPU
		{E85D9C4E-0757-4DD3-A6C0-80ABD0284C64}.Release|Any CPU.ActiveCfg = Release|Any CPU
		{E85D9C4E-0757-4DD3-A6C0-80ABD0284C64}.Release|Any CPU.Build.0 = Release|Any CPU
		{E85D9C4E-0757-4DD3-A6C0-80ABD0284C64}.Testing|Any CPU.ActiveCfg = Release|Any CPU
		{E85D9C4E-0757-4DD3-A6C0-80ABD0284C64}.Testing|Any CPU.Build.0 = Release|Any CPU
		{5A2159CB-2DF4-4B08-9E21-F772B7B03540}.Debug Manifest|Any CPU.ActiveCfg = Debug|Any CPU
		{5A2159CB-2DF4-4B08-9E21-F772B7B03540}.Debug Manifest|Any CPU.Build.0 = Debug|Any CPU
		{5A2159CB-2DF4-4B08-9E21-F772B7B03540}.Debug|Any CPU.ActiveCfg = Debug|Any CPU
		{5A2159CB-2DF4-4B08-9E21-F772B7B03540}.Debug|Any CPU.Build.0 = Debug|Any CPU
		{5A2159CB-2DF4-4B08-9E21-F772B7B03540}.Deployment|Any CPU.ActiveCfg = Dev|Any CPU
		{5A2159CB-2DF4-4B08-9E21-F772B7B03540}.Deployment|Any CPU.Build.0 = Dev|Any CPU
		{5A2159CB-2DF4-4B08-9E21-F772B7B03540}.Dev|Any CPU.ActiveCfg = Dev|Any CPU
		{5A2159CB-2DF4-4B08-9E21-F772B7B03540}.Dev|Any CPU.Build.0 = Dev|Any CPU
		{5A2159CB-2DF4-4B08-9E21-F772B7B03540}.Development|Any CPU.ActiveCfg = Dev|Any CPU
		{5A2159CB-2DF4-4B08-9E21-F772B7B03540}.Development|Any CPU.Build.0 = Dev|Any CPU
		{5A2159CB-2DF4-4B08-9E21-F772B7B03540}.Release|Any CPU.ActiveCfg = Release|Any CPU
		{5A2159CB-2DF4-4B08-9E21-F772B7B03540}.Release|Any CPU.Build.0 = Release|Any CPU
		{5A2159CB-2DF4-4B08-9E21-F772B7B03540}.Testing|Any CPU.ActiveCfg = Testing|Any CPU
		{5A2159CB-2DF4-4B08-9E21-F772B7B03540}.Testing|Any CPU.Build.0 = Testing|Any CPU
		{2EA7168E-0377-4703-B970-491F12EF6A09}.Debug Manifest|Any CPU.ActiveCfg = Debug|Any CPU
		{2EA7168E-0377-4703-B970-491F12EF6A09}.Debug Manifest|Any CPU.Build.0 = Debug|Any CPU
		{2EA7168E-0377-4703-B970-491F12EF6A09}.Debug|Any CPU.ActiveCfg = Debug|Any CPU
		{2EA7168E-0377-4703-B970-491F12EF6A09}.Debug|Any CPU.Build.0 = Debug|Any CPU
		{2EA7168E-0377-4703-B970-491F12EF6A09}.Deployment|Any CPU.ActiveCfg = Debug|Any CPU
		{2EA7168E-0377-4703-B970-491F12EF6A09}.Deployment|Any CPU.Build.0 = Debug|Any CPU
		{2EA7168E-0377-4703-B970-491F12EF6A09}.Dev|Any CPU.ActiveCfg = Debug|Any CPU
		{2EA7168E-0377-4703-B970-491F12EF6A09}.Dev|Any CPU.Build.0 = Debug|Any CPU
		{2EA7168E-0377-4703-B970-491F12EF6A09}.Development|Any CPU.ActiveCfg = Debug|Any CPU
		{2EA7168E-0377-4703-B970-491F12EF6A09}.Development|Any CPU.Build.0 = Debug|Any CPU
		{2EA7168E-0377-4703-B970-491F12EF6A09}.Release|Any CPU.ActiveCfg = Release|Any CPU
		{2EA7168E-0377-4703-B970-491F12EF6A09}.Release|Any CPU.Build.0 = Release|Any CPU
		{2EA7168E-0377-4703-B970-491F12EF6A09}.Testing|Any CPU.ActiveCfg = Release|Any CPU
		{2EA7168E-0377-4703-B970-491F12EF6A09}.Testing|Any CPU.Build.0 = Release|Any CPU
		{333414CC-30E7-4E31-951D-A6CA78D73ABD}.Debug Manifest|Any CPU.ActiveCfg = Debug|Any CPU
		{333414CC-30E7-4E31-951D-A6CA78D73ABD}.Debug Manifest|Any CPU.Build.0 = Debug|Any CPU
		{333414CC-30E7-4E31-951D-A6CA78D73ABD}.Debug|Any CPU.ActiveCfg = Debug|Any CPU
		{333414CC-30E7-4E31-951D-A6CA78D73ABD}.Debug|Any CPU.Build.0 = Debug|Any CPU
		{333414CC-30E7-4E31-951D-A6CA78D73ABD}.Deployment|Any CPU.ActiveCfg = Debug|Any CPU
		{333414CC-30E7-4E31-951D-A6CA78D73ABD}.Deployment|Any CPU.Build.0 = Debug|Any CPU
		{333414CC-30E7-4E31-951D-A6CA78D73ABD}.Dev|Any CPU.ActiveCfg = Debug|Any CPU
		{333414CC-30E7-4E31-951D-A6CA78D73ABD}.Dev|Any CPU.Build.0 = Debug|Any CPU
		{333414CC-30E7-4E31-951D-A6CA78D73ABD}.Development|Any CPU.ActiveCfg = Debug|Any CPU
		{333414CC-30E7-4E31-951D-A6CA78D73ABD}.Development|Any CPU.Build.0 = Debug|Any CPU
		{333414CC-30E7-4E31-951D-A6CA78D73ABD}.Release|Any CPU.ActiveCfg = Release|Any CPU
		{333414CC-30E7-4E31-951D-A6CA78D73ABD}.Release|Any CPU.Build.0 = Release|Any CPU
		{333414CC-30E7-4E31-951D-A6CA78D73ABD}.Testing|Any CPU.ActiveCfg = Release|Any CPU
		{333414CC-30E7-4E31-951D-A6CA78D73ABD}.Testing|Any CPU.Build.0 = Release|Any CPU
	EndGlobalSection
	GlobalSection(SolutionProperties) = preSolution
		HideSolutionNode = FALSE
	EndGlobalSection
	GlobalSection(NestedProjects) = preSolution
		{2586D4C7-5D1D-4C07-B243-2CC788FD871D} = {BB24B95E-5CD1-4C7A-97BE-CA4CAA2D5DBC}
		{FC21D93B-AAB4-4FE4-AD99-46534E18B47C} = {BB24B95E-5CD1-4C7A-97BE-CA4CAA2D5DBC}
		{9FA4A973-71AE-4B33-87CB-65E032112DB1} = {BB24B95E-5CD1-4C7A-97BE-CA4CAA2D5DBC}
		{E11C4060-59B5-401D-BF72-1F52156E64DB} = {BB24B95E-5CD1-4C7A-97BE-CA4CAA2D5DBC}
		{C7954359-0FA0-444E-87AC-07069CE64E21} = {BB24B95E-5CD1-4C7A-97BE-CA4CAA2D5DBC}
		{E85D9C4E-0757-4DD3-A6C0-80ABD0284C64} = {BB24B95E-5CD1-4C7A-97BE-CA4CAA2D5DBC}
		{5A2159CB-2DF4-4B08-9E21-F772B7B03540} = {BB24B95E-5CD1-4C7A-97BE-CA4CAA2D5DBC}
		{2EA7168E-0377-4703-B970-491F12EF6A09} = {BB24B95E-5CD1-4C7A-97BE-CA4CAA2D5DBC}
	EndGlobalSection
EndGlobal
