Microsoft Visual Studio Solution File, Format Version 12.00
# Visual Studio 2012
Project("{FAE04EC0-301F-11D3-BF4B-00C04F79EFBC}") = "TDSQASystemAPI", "..\Common\TDSQASystemAPI\TDSQASystemAPI.csproj", "{5A2159CB-2DF4-4B08-9E21-F772B7B03540}"
EndProject
Project("{FAE04EC0-301F-11D3-BF4B-00C04F79EFBC}") = "ScoringEngine", "..\TestScoringEngine\ScoringEngine\ScoringEngine.csproj", "{C7954359-0FA0-444E-87AC-07069CE64E21}"
EndProject
Project("{FAE04EC0-301F-11D3-BF4B-00C04F79EFBC}") = "AIR.Common", "..\TDS\Common\AIR.Common\AIR.Common.csproj", "{E11C4060-59B5-401D-BF72-1F52156E64DB}"
EndProject
Project("{FAE04EC0-301F-11D3-BF4B-00C04F79EFBC}") = "OSS.TIS", "OSS.TIS\OSS.TIS.csproj", "{CF02DEF3-1CF9-4541-A605-C016F5E67E26}"
EndProject
Project("{FAE04EC0-301F-11D3-BF4B-00C04F79EFBC}") = "TISService", "TISService\TISService.csproj", "{9968D9F4-95AC-4207-AA84-A259BC90F06D}"
EndProject
Project("{FAE04EC0-301F-11D3-BF4B-00C04F79EFBC}") = "AIR.Configuration", "..\Common\AIR.Configuration\AIR.Configuration.csproj", "{DBD0DD55-EC2E-48B3-A669-B8D331C5432A}"
EndProject
Global
	GlobalSection(SolutionConfigurationPlatforms) = preSolution
		Debug Manifest|.NET = Debug Manifest|.NET
		Debug Manifest|Any CPU = Debug Manifest|Any CPU
		Debug Manifest|Mixed Platforms = Debug Manifest|Mixed Platforms
		Debug Manifest|Win32 = Debug Manifest|Win32
		Debug Manifest|x64 = Debug Manifest|x64
		Debug|.NET = Debug|.NET
		Debug|Any CPU = Debug|Any CPU
		Debug|Mixed Platforms = Debug|Mixed Platforms
		Debug|Win32 = Debug|Win32
		Debug|x64 = Debug|x64
		Deployment|.NET = Deployment|.NET
		Deployment|Any CPU = Deployment|Any CPU
		Deployment|Mixed Platforms = Deployment|Mixed Platforms
		Deployment|Win32 = Deployment|Win32
		Deployment|x64 = Deployment|x64
		Dev|.NET = Dev|.NET
		Dev|Any CPU = Dev|Any CPU
		Dev|Mixed Platforms = Dev|Mixed Platforms
		Dev|Win32 = Dev|Win32
		Dev|x64 = Dev|x64
		Development|.NET = Development|.NET
		Development|Any CPU = Development|Any CPU
		Development|Mixed Platforms = Development|Mixed Platforms
		Development|Win32 = Development|Win32
		Development|x64 = Development|x64
		Release|.NET = Release|.NET
		Release|Any CPU = Release|Any CPU
		Release|Mixed Platforms = Release|Mixed Platforms
		Release|Win32 = Release|Win32
		Release|x64 = Release|x64
		Testing|.NET = Testing|.NET
		Testing|Any CPU = Testing|Any CPU
		Testing|Mixed Platforms = Testing|Mixed Platforms
		Testing|Win32 = Testing|Win32
		Testing|x64 = Testing|x64
	EndGlobalSection
	GlobalSection(ProjectConfigurationPlatforms) = postSolution
		{5A2159CB-2DF4-4B08-9E21-F772B7B03540}.Debug Manifest|.NET.ActiveCfg = Debug|Any CPU
		{5A2159CB-2DF4-4B08-9E21-F772B7B03540}.Debug Manifest|Any CPU.ActiveCfg = Debug|Any CPU
		{5A2159CB-2DF4-4B08-9E21-F772B7B03540}.Debug Manifest|Any CPU.Build.0 = Debug|Any CPU
		{5A2159CB-2DF4-4B08-9E21-F772B7B03540}.Debug Manifest|Mixed Platforms.ActiveCfg = Debug|Any CPU
		{5A2159CB-2DF4-4B08-9E21-F772B7B03540}.Debug Manifest|Mixed Platforms.Build.0 = Debug|Any CPU
		{5A2159CB-2DF4-4B08-9E21-F772B7B03540}.Debug Manifest|Win32.ActiveCfg = Debug|Any CPU
		{5A2159CB-2DF4-4B08-9E21-F772B7B03540}.Debug Manifest|x64.ActiveCfg = Debug|Any CPU
		{5A2159CB-2DF4-4B08-9E21-F772B7B03540}.Debug|.NET.ActiveCfg = Debug|Any CPU
		{5A2159CB-2DF4-4B08-9E21-F772B7B03540}.Debug|.NET.Build.0 = Debug|Any CPU
		{5A2159CB-2DF4-4B08-9E21-F772B7B03540}.Debug|Any CPU.ActiveCfg = Debug|Any CPU
		{5A2159CB-2DF4-4B08-9E21-F772B7B03540}.Debug|Any CPU.Build.0 = Debug|Any CPU
		{5A2159CB-2DF4-4B08-9E21-F772B7B03540}.Debug|Mixed Platforms.ActiveCfg = Debug|Any CPU
		{5A2159CB-2DF4-4B08-9E21-F772B7B03540}.Debug|Mixed Platforms.Build.0 = Debug|Any CPU
		{5A2159CB-2DF4-4B08-9E21-F772B7B03540}.Debug|Win32.ActiveCfg = Debug|Any CPU
		{5A2159CB-2DF4-4B08-9E21-F772B7B03540}.Debug|x64.ActiveCfg = Debug|Any CPU
		{5A2159CB-2DF4-4B08-9E21-F772B7B03540}.Deployment|.NET.ActiveCfg = Dev|Any CPU
		{5A2159CB-2DF4-4B08-9E21-F772B7B03540}.Deployment|Any CPU.ActiveCfg = Dev|Any CPU
		{5A2159CB-2DF4-4B08-9E21-F772B7B03540}.Deployment|Any CPU.Build.0 = Dev|Any CPU
		{5A2159CB-2DF4-4B08-9E21-F772B7B03540}.Deployment|Mixed Platforms.ActiveCfg = Dev|Any CPU
		{5A2159CB-2DF4-4B08-9E21-F772B7B03540}.Deployment|Mixed Platforms.Build.0 = Dev|Any CPU
		{5A2159CB-2DF4-4B08-9E21-F772B7B03540}.Deployment|Win32.ActiveCfg = Dev|Any CPU
		{5A2159CB-2DF4-4B08-9E21-F772B7B03540}.Deployment|x64.ActiveCfg = Dev|Any CPU
		{5A2159CB-2DF4-4B08-9E21-F772B7B03540}.Dev|.NET.ActiveCfg = Dev|Any CPU
		{5A2159CB-2DF4-4B08-9E21-F772B7B03540}.Dev|.NET.Build.0 = Dev|Any CPU
		{5A2159CB-2DF4-4B08-9E21-F772B7B03540}.Dev|Any CPU.ActiveCfg = Dev|Any CPU
		{5A2159CB-2DF4-4B08-9E21-F772B7B03540}.Dev|Any CPU.Build.0 = Dev|Any CPU
		{5A2159CB-2DF4-4B08-9E21-F772B7B03540}.Dev|Mixed Platforms.ActiveCfg = Dev|Any CPU
		{5A2159CB-2DF4-4B08-9E21-F772B7B03540}.Dev|Mixed Platforms.Build.0 = Dev|Any CPU
		{5A2159CB-2DF4-4B08-9E21-F772B7B03540}.Dev|Win32.ActiveCfg = Dev|Any CPU
		{5A2159CB-2DF4-4B08-9E21-F772B7B03540}.Dev|x64.ActiveCfg = Dev|Any CPU
		{5A2159CB-2DF4-4B08-9E21-F772B7B03540}.Development|.NET.ActiveCfg = Dev|Any CPU
		{5A2159CB-2DF4-4B08-9E21-F772B7B03540}.Development|Any CPU.ActiveCfg = Dev|Any CPU
		{5A2159CB-2DF4-4B08-9E21-F772B7B03540}.Development|Any CPU.Build.0 = Dev|Any CPU
		{5A2159CB-2DF4-4B08-9E21-F772B7B03540}.Development|Mixed Platforms.ActiveCfg = Dev|Any CPU
		{5A2159CB-2DF4-4B08-9E21-F772B7B03540}.Development|Mixed Platforms.Build.0 = Dev|Any CPU
		{5A2159CB-2DF4-4B08-9E21-F772B7B03540}.Development|Win32.ActiveCfg = Dev|Any CPU
		{5A2159CB-2DF4-4B08-9E21-F772B7B03540}.Development|x64.ActiveCfg = Dev|Any CPU
		{5A2159CB-2DF4-4B08-9E21-F772B7B03540}.Release|.NET.ActiveCfg = Release|Any CPU
		{5A2159CB-2DF4-4B08-9E21-F772B7B03540}.Release|.NET.Build.0 = Release|Any CPU
		{5A2159CB-2DF4-4B08-9E21-F772B7B03540}.Release|Any CPU.ActiveCfg = Release|Any CPU
		{5A2159CB-2DF4-4B08-9E21-F772B7B03540}.Release|Mixed Platforms.ActiveCfg = Release|Any CPU
		{5A2159CB-2DF4-4B08-9E21-F772B7B03540}.Release|Mixed Platforms.Build.0 = Release|Any CPU
		{5A2159CB-2DF4-4B08-9E21-F772B7B03540}.Release|Win32.ActiveCfg = Release|Any CPU
		{5A2159CB-2DF4-4B08-9E21-F772B7B03540}.Release|x64.ActiveCfg = Release|Any CPU
		{5A2159CB-2DF4-4B08-9E21-F772B7B03540}.Testing|.NET.ActiveCfg = Testing|Any CPU
		{5A2159CB-2DF4-4B08-9E21-F772B7B03540}.Testing|.NET.Build.0 = Testing|Any CPU
		{5A2159CB-2DF4-4B08-9E21-F772B7B03540}.Testing|Any CPU.ActiveCfg = Testing|Any CPU
		{5A2159CB-2DF4-4B08-9E21-F772B7B03540}.Testing|Any CPU.Build.0 = Testing|Any CPU
		{5A2159CB-2DF4-4B08-9E21-F772B7B03540}.Testing|Mixed Platforms.ActiveCfg = Testing|Any CPU
		{5A2159CB-2DF4-4B08-9E21-F772B7B03540}.Testing|Mixed Platforms.Build.0 = Testing|Any CPU
		{5A2159CB-2DF4-4B08-9E21-F772B7B03540}.Testing|Win32.ActiveCfg = Testing|Any CPU
		{5A2159CB-2DF4-4B08-9E21-F772B7B03540}.Testing|x64.ActiveCfg = Testing|Any CPU
		{5A2159CB-2DF4-4B08-9E21-F772B7B03540}.Testing|x64.Build.0 = Testing|Any CPU
		{C7954359-0FA0-444E-87AC-07069CE64E21}.Debug Manifest|.NET.ActiveCfg = Debug|Any CPU
		{C7954359-0FA0-444E-87AC-07069CE64E21}.Debug Manifest|Any CPU.ActiveCfg = Debug|Any CPU
		{C7954359-0FA0-444E-87AC-07069CE64E21}.Debug Manifest|Any CPU.Build.0 = Debug|Any CPU
		{C7954359-0FA0-444E-87AC-07069CE64E21}.Debug Manifest|Mixed Platforms.ActiveCfg = Debug|Any CPU
		{C7954359-0FA0-444E-87AC-07069CE64E21}.Debug Manifest|Mixed Platforms.Build.0 = Debug|Any CPU
		{C7954359-0FA0-444E-87AC-07069CE64E21}.Debug Manifest|Win32.ActiveCfg = Debug|Any CPU
		{C7954359-0FA0-444E-87AC-07069CE64E21}.Debug Manifest|x64.ActiveCfg = Debug|Any CPU
		{C7954359-0FA0-444E-87AC-07069CE64E21}.Debug|.NET.ActiveCfg = Debug|Any CPU
		{C7954359-0FA0-444E-87AC-07069CE64E21}.Debug|.NET.Build.0 = Debug|Any CPU
		{C7954359-0FA0-444E-87AC-07069CE64E21}.Debug|Any CPU.ActiveCfg = Debug|Any CPU
		{C7954359-0FA0-444E-87AC-07069CE64E21}.Debug|Any CPU.Build.0 = Debug|Any CPU
		{C7954359-0FA0-444E-87AC-07069CE64E21}.Debug|Mixed Platforms.ActiveCfg = Debug|Any CPU
		{C7954359-0FA0-444E-87AC-07069CE64E21}.Debug|Mixed Platforms.Build.0 = Debug|Any CPU
		{C7954359-0FA0-444E-87AC-07069CE64E21}.Debug|Win32.ActiveCfg = Debug|Any CPU
		{C7954359-0FA0-444E-87AC-07069CE64E21}.Debug|x64.ActiveCfg = Debug|Any CPU
		{C7954359-0FA0-444E-87AC-07069CE64E21}.Deployment|.NET.ActiveCfg = Debug|Any CPU
		{C7954359-0FA0-444E-87AC-07069CE64E21}.Deployment|Any CPU.ActiveCfg = Debug|Any CPU
		{C7954359-0FA0-444E-87AC-07069CE64E21}.Deployment|Any CPU.Build.0 = Debug|Any CPU
		{C7954359-0FA0-444E-87AC-07069CE64E21}.Deployment|Mixed Platforms.ActiveCfg = Debug|Any CPU
		{C7954359-0FA0-444E-87AC-07069CE64E21}.Deployment|Mixed Platforms.Build.0 = Debug|Any CPU
		{C7954359-0FA0-444E-87AC-07069CE64E21}.Deployment|Win32.ActiveCfg = Debug|Any CPU
		{C7954359-0FA0-444E-87AC-07069CE64E21}.Deployment|x64.ActiveCfg = Debug|Any CPU
		{C7954359-0FA0-444E-87AC-07069CE64E21}.Dev|.NET.ActiveCfg = Debug|Any CPU
		{C7954359-0FA0-444E-87AC-07069CE64E21}.Dev|.NET.Build.0 = Debug|Any CPU
		{C7954359-0FA0-444E-87AC-07069CE64E21}.Dev|Any CPU.ActiveCfg = Debug|Any CPU
		{C7954359-0FA0-444E-87AC-07069CE64E21}.Dev|Any CPU.Build.0 = Debug|Any CPU
		{C7954359-0FA0-444E-87AC-07069CE64E21}.Dev|Mixed Platforms.ActiveCfg = Debug|Any CPU
		{C7954359-0FA0-444E-87AC-07069CE64E21}.Dev|Mixed Platforms.Build.0 = Debug|Any CPU
		{C7954359-0FA0-444E-87AC-07069CE64E21}.Dev|Win32.ActiveCfg = Debug|Any CPU
		{C7954359-0FA0-444E-87AC-07069CE64E21}.Dev|x64.ActiveCfg = Debug|Any CPU
		{C7954359-0FA0-444E-87AC-07069CE64E21}.Development|.NET.ActiveCfg = Debug|Any CPU
		{C7954359-0FA0-444E-87AC-07069CE64E21}.Development|Any CPU.ActiveCfg = Debug|Any CPU
		{C7954359-0FA0-444E-87AC-07069CE64E21}.Development|Any CPU.Build.0 = Debug|Any CPU
		{C7954359-0FA0-444E-87AC-07069CE64E21}.Development|Mixed Platforms.ActiveCfg = Debug|Any CPU
		{C7954359-0FA0-444E-87AC-07069CE64E21}.Development|Mixed Platforms.Build.0 = Debug|Any CPU
		{C7954359-0FA0-444E-87AC-07069CE64E21}.Development|Win32.ActiveCfg = Debug|Any CPU
		{C7954359-0FA0-444E-87AC-07069CE64E21}.Development|x64.ActiveCfg = Debug|Any CPU
		{C7954359-0FA0-444E-87AC-07069CE64E21}.Release|.NET.ActiveCfg = Release|Any CPU
		{C7954359-0FA0-444E-87AC-07069CE64E21}.Release|.NET.Build.0 = Release|Any CPU
		{C7954359-0FA0-444E-87AC-07069CE64E21}.Release|Any CPU.ActiveCfg = Release|Any CPU
		{C7954359-0FA0-444E-87AC-07069CE64E21}.Release|Any CPU.Build.0 = Release|Any CPU
		{C7954359-0FA0-444E-87AC-07069CE64E21}.Release|Mixed Platforms.ActiveCfg = Release|Any CPU
		{C7954359-0FA0-444E-87AC-07069CE64E21}.Release|Mixed Platforms.Build.0 = Release|Any CPU
		{C7954359-0FA0-444E-87AC-07069CE64E21}.Release|Win32.ActiveCfg = Release|Any CPU
		{C7954359-0FA0-444E-87AC-07069CE64E21}.Release|x64.ActiveCfg = Release|Any CPU
		{C7954359-0FA0-444E-87AC-07069CE64E21}.Testing|.NET.ActiveCfg = Release|Any CPU
		{C7954359-0FA0-444E-87AC-07069CE64E21}.Testing|.NET.Build.0 = Release|Any CPU
		{C7954359-0FA0-444E-87AC-07069CE64E21}.Testing|Any CPU.ActiveCfg = Release|Any CPU
		{C7954359-0FA0-444E-87AC-07069CE64E21}.Testing|Any CPU.Build.0 = Release|Any CPU
		{C7954359-0FA0-444E-87AC-07069CE64E21}.Testing|Mixed Platforms.ActiveCfg = Release|Any CPU
		{C7954359-0FA0-444E-87AC-07069CE64E21}.Testing|Mixed Platforms.Build.0 = Release|Any CPU
		{C7954359-0FA0-444E-87AC-07069CE64E21}.Testing|Win32.ActiveCfg = Release|Any CPU
		{C7954359-0FA0-444E-87AC-07069CE64E21}.Testing|x64.ActiveCfg = Release|Any CPU
		{E11C4060-59B5-401D-BF72-1F52156E64DB}.Debug Manifest|.NET.ActiveCfg = Debug Manifest|Any CPU
		{E11C4060-59B5-401D-BF72-1F52156E64DB}.Debug Manifest|Any CPU.ActiveCfg = Debug Manifest|Any CPU
		{E11C4060-59B5-401D-BF72-1F52156E64DB}.Debug Manifest|Any CPU.Build.0 = Debug Manifest|Any CPU
		{E11C4060-59B5-401D-BF72-1F52156E64DB}.Debug Manifest|Mixed Platforms.ActiveCfg = Debug Manifest|Any CPU
		{E11C4060-59B5-401D-BF72-1F52156E64DB}.Debug Manifest|Mixed Platforms.Build.0 = Debug Manifest|Any CPU
		{E11C4060-59B5-401D-BF72-1F52156E64DB}.Debug Manifest|Win32.ActiveCfg = Debug Manifest|Any CPU
		{E11C4060-59B5-401D-BF72-1F52156E64DB}.Debug Manifest|x64.ActiveCfg = Debug Manifest|Any CPU
		{E11C4060-59B5-401D-BF72-1F52156E64DB}.Debug|.NET.ActiveCfg = Debug|Any CPU
		{E11C4060-59B5-401D-BF72-1F52156E64DB}.Debug|Any CPU.ActiveCfg = Debug|Any CPU
		{E11C4060-59B5-401D-BF72-1F52156E64DB}.Debug|Any CPU.Build.0 = Debug|Any CPU
		{E11C4060-59B5-401D-BF72-1F52156E64DB}.Debug|Mixed Platforms.ActiveCfg = Debug|Any CPU
		{E11C4060-59B5-401D-BF72-1F52156E64DB}.Debug|Mixed Platforms.Build.0 = Debug|Any CPU
		{E11C4060-59B5-401D-BF72-1F52156E64DB}.Debug|Win32.ActiveCfg = Debug|Any CPU
		{E11C4060-59B5-401D-BF72-1F52156E64DB}.Debug|x64.ActiveCfg = Debug|Any CPU
		{E11C4060-59B5-401D-BF72-1F52156E64DB}.Deployment|.NET.ActiveCfg = Deployment|Any CPU
		{E11C4060-59B5-401D-BF72-1F52156E64DB}.Deployment|Any CPU.ActiveCfg = Deployment|Any CPU
		{E11C4060-59B5-401D-BF72-1F52156E64DB}.Deployment|Any CPU.Build.0 = Deployment|Any CPU
		{E11C4060-59B5-401D-BF72-1F52156E64DB}.Deployment|Mixed Platforms.ActiveCfg = Deployment|Any CPU
		{E11C4060-59B5-401D-BF72-1F52156E64DB}.Deployment|Mixed Platforms.Build.0 = Deployment|Any CPU
		{E11C4060-59B5-401D-BF72-1F52156E64DB}.Deployment|Win32.ActiveCfg = Deployment|Any CPU
		{E11C4060-59B5-401D-BF72-1F52156E64DB}.Deployment|x64.ActiveCfg = Deployment|Any CPU
		{E11C4060-59B5-401D-BF72-1F52156E64DB}.Dev|.NET.ActiveCfg = Development|Any CPU
		{E11C4060-59B5-401D-BF72-1F52156E64DB}.Dev|Any CPU.ActiveCfg = Development|Any CPU
		{E11C4060-59B5-401D-BF72-1F52156E64DB}.Dev|Any CPU.Build.0 = Development|Any CPU
		{E11C4060-59B5-401D-BF72-1F52156E64DB}.Dev|Mixed Platforms.ActiveCfg = Development|Any CPU
		{E11C4060-59B5-401D-BF72-1F52156E64DB}.Dev|Mixed Platforms.Build.0 = Development|Any CPU
		{E11C4060-59B5-401D-BF72-1F52156E64DB}.Dev|Win32.ActiveCfg = Development|Any CPU
		{E11C4060-59B5-401D-BF72-1F52156E64DB}.Dev|x64.ActiveCfg = Development|Any CPU
		{E11C4060-59B5-401D-BF72-1F52156E64DB}.Development|.NET.ActiveCfg = Development|Any CPU
		{E11C4060-59B5-401D-BF72-1F52156E64DB}.Development|Any CPU.ActiveCfg = Development|Any CPU
		{E11C4060-59B5-401D-BF72-1F52156E64DB}.Development|Any CPU.Build.0 = Development|Any CPU
		{E11C4060-59B5-401D-BF72-1F52156E64DB}.Development|Mixed Platforms.ActiveCfg = Development|Any CPU
		{E11C4060-59B5-401D-BF72-1F52156E64DB}.Development|Mixed Platforms.Build.0 = Development|Any CPU
		{E11C4060-59B5-401D-BF72-1F52156E64DB}.Development|Win32.ActiveCfg = Development|Any CPU
		{E11C4060-59B5-401D-BF72-1F52156E64DB}.Development|x64.ActiveCfg = Development|Any CPU
		{E11C4060-59B5-401D-BF72-1F52156E64DB}.Release|.NET.ActiveCfg = Release|Any CPU
		{E11C4060-59B5-401D-BF72-1F52156E64DB}.Release|Any CPU.ActiveCfg = Release|Any CPU
		{E11C4060-59B5-401D-BF72-1F52156E64DB}.Release|Any CPU.Build.0 = Release|Any CPU
		{E11C4060-59B5-401D-BF72-1F52156E64DB}.Release|Mixed Platforms.ActiveCfg = Release|Any CPU
		{E11C4060-59B5-401D-BF72-1F52156E64DB}.Release|Mixed Platforms.Build.0 = Release|Any CPU
		{E11C4060-59B5-401D-BF72-1F52156E64DB}.Release|Win32.ActiveCfg = Release|Any CPU
		{E11C4060-59B5-401D-BF72-1F52156E64DB}.Release|x64.ActiveCfg = Release|Any CPU
		{E11C4060-59B5-401D-BF72-1F52156E64DB}.Testing|.NET.ActiveCfg = Deployment|Any CPU
		{E11C4060-59B5-401D-BF72-1F52156E64DB}.Testing|Any CPU.ActiveCfg = Deployment|Any CPU
		{E11C4060-59B5-401D-BF72-1F52156E64DB}.Testing|Any CPU.Build.0 = Deployment|Any CPU
		{E11C4060-59B5-401D-BF72-1F52156E64DB}.Testing|Mixed Platforms.ActiveCfg = Deployment|Any CPU
		{E11C4060-59B5-401D-BF72-1F52156E64DB}.Testing|Mixed Platforms.Build.0 = Deployment|Any CPU
		{E11C4060-59B5-401D-BF72-1F52156E64DB}.Testing|Win32.ActiveCfg = Deployment|Any CPU
		{E11C4060-59B5-401D-BF72-1F52156E64DB}.Testing|x64.ActiveCfg = Deployment|Any CPU
		{CF02DEF3-1CF9-4541-A605-C016F5E67E26}.Debug Manifest|.NET.ActiveCfg = Debug|Any CPU
		{CF02DEF3-1CF9-4541-A605-C016F5E67E26}.Debug Manifest|Any CPU.ActiveCfg = Debug|Any CPU
		{CF02DEF3-1CF9-4541-A605-C016F5E67E26}.Debug Manifest|Any CPU.Build.0 = Debug|Any CPU
		{CF02DEF3-1CF9-4541-A605-C016F5E67E26}.Debug Manifest|Mixed Platforms.ActiveCfg = Debug|Any CPU
		{CF02DEF3-1CF9-4541-A605-C016F5E67E26}.Debug Manifest|Mixed Platforms.Build.0 = Debug|Any CPU
		{CF02DEF3-1CF9-4541-A605-C016F5E67E26}.Debug Manifest|Win32.ActiveCfg = Debug|Any CPU
		{CF02DEF3-1CF9-4541-A605-C016F5E67E26}.Debug Manifest|x64.ActiveCfg = Debug|Any CPU
		{CF02DEF3-1CF9-4541-A605-C016F5E67E26}.Debug|.NET.ActiveCfg = Debug|Any CPU
		{CF02DEF3-1CF9-4541-A605-C016F5E67E26}.Debug|Any CPU.ActiveCfg = Debug|Any CPU
		{CF02DEF3-1CF9-4541-A605-C016F5E67E26}.Debug|Any CPU.Build.0 = Debug|Any CPU
		{CF02DEF3-1CF9-4541-A605-C016F5E67E26}.Debug|Mixed Platforms.ActiveCfg = Debug|Any CPU
		{CF02DEF3-1CF9-4541-A605-C016F5E67E26}.Debug|Mixed Platforms.Build.0 = Debug|Any CPU
		{CF02DEF3-1CF9-4541-A605-C016F5E67E26}.Debug|Win32.ActiveCfg = Debug|Any CPU
		{CF02DEF3-1CF9-4541-A605-C016F5E67E26}.Debug|x64.ActiveCfg = Debug|Any CPU
		{CF02DEF3-1CF9-4541-A605-C016F5E67E26}.Deployment|.NET.ActiveCfg = Debug|Any CPU
		{CF02DEF3-1CF9-4541-A605-C016F5E67E26}.Deployment|Any CPU.ActiveCfg = Debug|Any CPU
		{CF02DEF3-1CF9-4541-A605-C016F5E67E26}.Deployment|Any CPU.Build.0 = Debug|Any CPU
		{CF02DEF3-1CF9-4541-A605-C016F5E67E26}.Deployment|Mixed Platforms.ActiveCfg = Debug|Any CPU
		{CF02DEF3-1CF9-4541-A605-C016F5E67E26}.Deployment|Mixed Platforms.Build.0 = Debug|Any CPU
		{CF02DEF3-1CF9-4541-A605-C016F5E67E26}.Deployment|Win32.ActiveCfg = Debug|Any CPU
		{CF02DEF3-1CF9-4541-A605-C016F5E67E26}.Deployment|x64.ActiveCfg = Debug|Any CPU
		{CF02DEF3-1CF9-4541-A605-C016F5E67E26}.Dev|.NET.ActiveCfg = Debug|Any CPU
		{CF02DEF3-1CF9-4541-A605-C016F5E67E26}.Dev|Any CPU.ActiveCfg = Debug|Any CPU
		{CF02DEF3-1CF9-4541-A605-C016F5E67E26}.Dev|Any CPU.Build.0 = Debug|Any CPU
		{CF02DEF3-1CF9-4541-A605-C016F5E67E26}.Dev|Mixed Platforms.ActiveCfg = Debug|Any CPU
		{CF02DEF3-1CF9-4541-A605-C016F5E67E26}.Dev|Mixed Platforms.Build.0 = Debug|Any CPU
		{CF02DEF3-1CF9-4541-A605-C016F5E67E26}.Dev|Win32.ActiveCfg = Debug|Any CPU
		{CF02DEF3-1CF9-4541-A605-C016F5E67E26}.Dev|x64.ActiveCfg = Debug|Any CPU
		{CF02DEF3-1CF9-4541-A605-C016F5E67E26}.Development|.NET.ActiveCfg = Debug|Any CPU
		{CF02DEF3-1CF9-4541-A605-C016F5E67E26}.Development|Any CPU.ActiveCfg = Debug|Any CPU
		{CF02DEF3-1CF9-4541-A605-C016F5E67E26}.Development|Any CPU.Build.0 = Debug|Any CPU
		{CF02DEF3-1CF9-4541-A605-C016F5E67E26}.Development|Mixed Platforms.ActiveCfg = Debug|Any CPU
		{CF02DEF3-1CF9-4541-A605-C016F5E67E26}.Development|Mixed Platforms.Build.0 = Debug|Any CPU
		{CF02DEF3-1CF9-4541-A605-C016F5E67E26}.Development|Win32.ActiveCfg = Debug|Any CPU
		{CF02DEF3-1CF9-4541-A605-C016F5E67E26}.Development|x64.ActiveCfg = Debug|Any CPU
		{CF02DEF3-1CF9-4541-A605-C016F5E67E26}.Release|.NET.ActiveCfg = Release|Any CPU
		{CF02DEF3-1CF9-4541-A605-C016F5E67E26}.Release|Any CPU.ActiveCfg = Release|Any CPU
		{CF02DEF3-1CF9-4541-A605-C016F5E67E26}.Release|Any CPU.Build.0 = Release|Any CPU
		{CF02DEF3-1CF9-4541-A605-C016F5E67E26}.Release|Mixed Platforms.ActiveCfg = Release|Any CPU
		{CF02DEF3-1CF9-4541-A605-C016F5E67E26}.Release|Mixed Platforms.Build.0 = Release|Any CPU
		{CF02DEF3-1CF9-4541-A605-C016F5E67E26}.Release|Win32.ActiveCfg = Release|Any CPU
		{CF02DEF3-1CF9-4541-A605-C016F5E67E26}.Release|x64.ActiveCfg = Release|Any CPU
		{CF02DEF3-1CF9-4541-A605-C016F5E67E26}.Testing|.NET.ActiveCfg = Release|Any CPU
		{CF02DEF3-1CF9-4541-A605-C016F5E67E26}.Testing|Any CPU.ActiveCfg = Release|Any CPU
		{CF02DEF3-1CF9-4541-A605-C016F5E67E26}.Testing|Any CPU.Build.0 = Release|Any CPU
		{CF02DEF3-1CF9-4541-A605-C016F5E67E26}.Testing|Mixed Platforms.ActiveCfg = Release|Any CPU
		{CF02DEF3-1CF9-4541-A605-C016F5E67E26}.Testing|Mixed Platforms.Build.0 = Release|Any CPU
		{CF02DEF3-1CF9-4541-A605-C016F5E67E26}.Testing|Win32.ActiveCfg = Release|Any CPU
		{CF02DEF3-1CF9-4541-A605-C016F5E67E26}.Testing|x64.ActiveCfg = Release|Any CPU
		{9968D9F4-95AC-4207-AA84-A259BC90F06D}.Debug Manifest|.NET.ActiveCfg = Debug|Any CPU
		{9968D9F4-95AC-4207-AA84-A259BC90F06D}.Debug Manifest|Any CPU.ActiveCfg = Debug|Any CPU
		{9968D9F4-95AC-4207-AA84-A259BC90F06D}.Debug Manifest|Any CPU.Build.0 = Debug|Any CPU
		{9968D9F4-95AC-4207-AA84-A259BC90F06D}.Debug Manifest|Mixed Platforms.ActiveCfg = Debug|Any CPU
		{9968D9F4-95AC-4207-AA84-A259BC90F06D}.Debug Manifest|Mixed Platforms.Build.0 = Debug|Any CPU
		{9968D9F4-95AC-4207-AA84-A259BC90F06D}.Debug Manifest|Win32.ActiveCfg = Debug|Any CPU
		{9968D9F4-95AC-4207-AA84-A259BC90F06D}.Debug Manifest|x64.ActiveCfg = Debug|Any CPU
		{9968D9F4-95AC-4207-AA84-A259BC90F06D}.Debug|.NET.ActiveCfg = Debug|Any CPU
		{9968D9F4-95AC-4207-AA84-A259BC90F06D}.Debug|Any CPU.ActiveCfg = Debug|Any CPU
		{9968D9F4-95AC-4207-AA84-A259BC90F06D}.Debug|Any CPU.Build.0 = Debug|Any CPU
		{9968D9F4-95AC-4207-AA84-A259BC90F06D}.Debug|Mixed Platforms.ActiveCfg = Debug|Any CPU
		{9968D9F4-95AC-4207-AA84-A259BC90F06D}.Debug|Mixed Platforms.Build.0 = Debug|Any CPU
		{9968D9F4-95AC-4207-AA84-A259BC90F06D}.Debug|Win32.ActiveCfg = Debug|Any CPU
		{9968D9F4-95AC-4207-AA84-A259BC90F06D}.Debug|x64.ActiveCfg = Debug|Any CPU
		{9968D9F4-95AC-4207-AA84-A259BC90F06D}.Deployment|.NET.ActiveCfg = Debug|Any CPU
		{9968D9F4-95AC-4207-AA84-A259BC90F06D}.Deployment|Any CPU.ActiveCfg = Debug|Any CPU
		{9968D9F4-95AC-4207-AA84-A259BC90F06D}.Deployment|Any CPU.Build.0 = Debug|Any CPU
		{9968D9F4-95AC-4207-AA84-A259BC90F06D}.Deployment|Mixed Platforms.ActiveCfg = Debug|Any CPU
		{9968D9F4-95AC-4207-AA84-A259BC90F06D}.Deployment|Mixed Platforms.Build.0 = Debug|Any CPU
		{9968D9F4-95AC-4207-AA84-A259BC90F06D}.Deployment|Win32.ActiveCfg = Debug|Any CPU
		{9968D9F4-95AC-4207-AA84-A259BC90F06D}.Deployment|x64.ActiveCfg = Debug|Any CPU
		{9968D9F4-95AC-4207-AA84-A259BC90F06D}.Dev|.NET.ActiveCfg = Debug|Any CPU
		{9968D9F4-95AC-4207-AA84-A259BC90F06D}.Dev|Any CPU.ActiveCfg = Debug|Any CPU
		{9968D9F4-95AC-4207-AA84-A259BC90F06D}.Dev|Any CPU.Build.0 = Debug|Any CPU
		{9968D9F4-95AC-4207-AA84-A259BC90F06D}.Dev|Mixed Platforms.ActiveCfg = Debug|Any CPU
		{9968D9F4-95AC-4207-AA84-A259BC90F06D}.Dev|Mixed Platforms.Build.0 = Debug|Any CPU
		{9968D9F4-95AC-4207-AA84-A259BC90F06D}.Dev|Win32.ActiveCfg = Debug|Any CPU
		{9968D9F4-95AC-4207-AA84-A259BC90F06D}.Dev|x64.ActiveCfg = Debug|Any CPU
		{9968D9F4-95AC-4207-AA84-A259BC90F06D}.Development|.NET.ActiveCfg = Debug|Any CPU
		{9968D9F4-95AC-4207-AA84-A259BC90F06D}.Development|Any CPU.ActiveCfg = Debug|Any CPU
		{9968D9F4-95AC-4207-AA84-A259BC90F06D}.Development|Any CPU.Build.0 = Debug|Any CPU
		{9968D9F4-95AC-4207-AA84-A259BC90F06D}.Development|Mixed Platforms.ActiveCfg = Debug|Any CPU
		{9968D9F4-95AC-4207-AA84-A259BC90F06D}.Development|Mixed Platforms.Build.0 = Debug|Any CPU
		{9968D9F4-95AC-4207-AA84-A259BC90F06D}.Development|Win32.ActiveCfg = Debug|Any CPU
		{9968D9F4-95AC-4207-AA84-A259BC90F06D}.Development|x64.ActiveCfg = Debug|Any CPU
		{9968D9F4-95AC-4207-AA84-A259BC90F06D}.Release|.NET.ActiveCfg = Release|Any CPU
		{9968D9F4-95AC-4207-AA84-A259BC90F06D}.Release|Any CPU.ActiveCfg = Release|Any CPU
		{9968D9F4-95AC-4207-AA84-A259BC90F06D}.Release|Any CPU.Build.0 = Release|Any CPU
		{9968D9F4-95AC-4207-AA84-A259BC90F06D}.Release|Mixed Platforms.ActiveCfg = Release|Any CPU
		{9968D9F4-95AC-4207-AA84-A259BC90F06D}.Release|Mixed Platforms.Build.0 = Release|Any CPU
		{9968D9F4-95AC-4207-AA84-A259BC90F06D}.Release|Win32.ActiveCfg = Release|Any CPU
		{9968D9F4-95AC-4207-AA84-A259BC90F06D}.Release|x64.ActiveCfg = Release|Any CPU
		{9968D9F4-95AC-4207-AA84-A259BC90F06D}.Testing|.NET.ActiveCfg = Release|Any CPU
		{9968D9F4-95AC-4207-AA84-A259BC90F06D}.Testing|Any CPU.ActiveCfg = Release|Any CPU
		{9968D9F4-95AC-4207-AA84-A259BC90F06D}.Testing|Any CPU.Build.0 = Release|Any CPU
		{9968D9F4-95AC-4207-AA84-A259BC90F06D}.Testing|Mixed Platforms.ActiveCfg = Release|Any CPU
		{9968D9F4-95AC-4207-AA84-A259BC90F06D}.Testing|Mixed Platforms.Build.0 = Release|Any CPU
		{9968D9F4-95AC-4207-AA84-A259BC90F06D}.Testing|Win32.ActiveCfg = Release|Any CPU
		{9968D9F4-95AC-4207-AA84-A259BC90F06D}.Testing|x64.ActiveCfg = Release|Any CPU
		{DBD0DD55-EC2E-48B3-A669-B8D331C5432A}.Debug Manifest|.NET.ActiveCfg = Debug|Any CPU
		{DBD0DD55-EC2E-48B3-A669-B8D331C5432A}.Debug Manifest|Any CPU.ActiveCfg = Debug|Any CPU
		{DBD0DD55-EC2E-48B3-A669-B8D331C5432A}.Debug Manifest|Any CPU.Build.0 = Debug|Any CPU
		{DBD0DD55-EC2E-48B3-A669-B8D331C5432A}.Debug Manifest|Mixed Platforms.ActiveCfg = Debug|Any CPU
		{DBD0DD55-EC2E-48B3-A669-B8D331C5432A}.Debug Manifest|Mixed Platforms.Build.0 = Debug|Any CPU
		{DBD0DD55-EC2E-48B3-A669-B8D331C5432A}.Debug Manifest|Win32.ActiveCfg = Debug|Any CPU
		{DBD0DD55-EC2E-48B3-A669-B8D331C5432A}.Debug Manifest|x64.ActiveCfg = Debug|Any CPU
		{DBD0DD55-EC2E-48B3-A669-B8D331C5432A}.Debug|.NET.ActiveCfg = Debug|Any CPU
		{DBD0DD55-EC2E-48B3-A669-B8D331C5432A}.Debug|Any CPU.ActiveCfg = Debug|Any CPU
		{DBD0DD55-EC2E-48B3-A669-B8D331C5432A}.Debug|Any CPU.Build.0 = Debug|Any CPU
		{DBD0DD55-EC2E-48B3-A669-B8D331C5432A}.Debug|Mixed Platforms.ActiveCfg = Debug|Any CPU
		{DBD0DD55-EC2E-48B3-A669-B8D331C5432A}.Debug|Mixed Platforms.Build.0 = Debug|Any CPU
		{DBD0DD55-EC2E-48B3-A669-B8D331C5432A}.Debug|Win32.ActiveCfg = Debug|Any CPU
		{DBD0DD55-EC2E-48B3-A669-B8D331C5432A}.Debug|x64.ActiveCfg = Debug|Any CPU
		{DBD0DD55-EC2E-48B3-A669-B8D331C5432A}.Deployment|.NET.ActiveCfg = Debug|Any CPU
		{DBD0DD55-EC2E-48B3-A669-B8D331C5432A}.Deployment|Any CPU.ActiveCfg = Debug|Any CPU
		{DBD0DD55-EC2E-48B3-A669-B8D331C5432A}.Deployment|Any CPU.Build.0 = Debug|Any CPU
		{DBD0DD55-EC2E-48B3-A669-B8D331C5432A}.Deployment|Mixed Platforms.ActiveCfg = Debug|Any CPU
		{DBD0DD55-EC2E-48B3-A669-B8D331C5432A}.Deployment|Mixed Platforms.Build.0 = Debug|Any CPU
		{DBD0DD55-EC2E-48B3-A669-B8D331C5432A}.Deployment|Win32.ActiveCfg = Debug|Any CPU
		{DBD0DD55-EC2E-48B3-A669-B8D331C5432A}.Deployment|x64.ActiveCfg = Debug|Any CPU
		{DBD0DD55-EC2E-48B3-A669-B8D331C5432A}.Dev|.NET.ActiveCfg = Debug|Any CPU
		{DBD0DD55-EC2E-48B3-A669-B8D331C5432A}.Dev|Any CPU.ActiveCfg = Debug|Any CPU
		{DBD0DD55-EC2E-48B3-A669-B8D331C5432A}.Dev|Any CPU.Build.0 = Debug|Any CPU
		{DBD0DD55-EC2E-48B3-A669-B8D331C5432A}.Dev|Mixed Platforms.ActiveCfg = Debug|Any CPU
		{DBD0DD55-EC2E-48B3-A669-B8D331C5432A}.Dev|Mixed Platforms.Build.0 = Debug|Any CPU
		{DBD0DD55-EC2E-48B3-A669-B8D331C5432A}.Dev|Win32.ActiveCfg = Debug|Any CPU
		{DBD0DD55-EC2E-48B3-A669-B8D331C5432A}.Dev|x64.ActiveCfg = Debug|Any CPU
		{DBD0DD55-EC2E-48B3-A669-B8D331C5432A}.Development|.NET.ActiveCfg = Debug|Any CPU
		{DBD0DD55-EC2E-48B3-A669-B8D331C5432A}.Development|Any CPU.ActiveCfg = Debug|Any CPU
		{DBD0DD55-EC2E-48B3-A669-B8D331C5432A}.Development|Any CPU.Build.0 = Debug|Any CPU
		{DBD0DD55-EC2E-48B3-A669-B8D331C5432A}.Development|Mixed Platforms.ActiveCfg = Debug|Any CPU
		{DBD0DD55-EC2E-48B3-A669-B8D331C5432A}.Development|Mixed Platforms.Build.0 = Debug|Any CPU
		{DBD0DD55-EC2E-48B3-A669-B8D331C5432A}.Development|Win32.ActiveCfg = Debug|Any CPU
		{DBD0DD55-EC2E-48B3-A669-B8D331C5432A}.Development|x64.ActiveCfg = Debug|Any CPU
		{DBD0DD55-EC2E-48B3-A669-B8D331C5432A}.Release|.NET.ActiveCfg = Release|Any CPU
		{DBD0DD55-EC2E-48B3-A669-B8D331C5432A}.Release|Any CPU.ActiveCfg = Release|Any CPU
		{DBD0DD55-EC2E-48B3-A669-B8D331C5432A}.Release|Any CPU.Build.0 = Release|Any CPU
		{DBD0DD55-EC2E-48B3-A669-B8D331C5432A}.Release|Mixed Platforms.ActiveCfg = Release|Any CPU
		{DBD0DD55-EC2E-48B3-A669-B8D331C5432A}.Release|Mixed Platforms.Build.0 = Release|Any CPU
		{DBD0DD55-EC2E-48B3-A669-B8D331C5432A}.Release|Win32.ActiveCfg = Release|Any CPU
		{DBD0DD55-EC2E-48B3-A669-B8D331C5432A}.Release|x64.ActiveCfg = Release|Any CPU
		{DBD0DD55-EC2E-48B3-A669-B8D331C5432A}.Testing|.NET.ActiveCfg = Release|Any CPU
		{DBD0DD55-EC2E-48B3-A669-B8D331C5432A}.Testing|Any CPU.ActiveCfg = Release|Any CPU
		{DBD0DD55-EC2E-48B3-A669-B8D331C5432A}.Testing|Any CPU.Build.0 = Release|Any CPU
		{DBD0DD55-EC2E-48B3-A669-B8D331C5432A}.Testing|Mixed Platforms.ActiveCfg = Release|Any CPU
		{DBD0DD55-EC2E-48B3-A669-B8D331C5432A}.Testing|Mixed Platforms.Build.0 = Release|Any CPU
		{DBD0DD55-EC2E-48B3-A669-B8D331C5432A}.Testing|Win32.ActiveCfg = Release|Any CPU
		{DBD0DD55-EC2E-48B3-A669-B8D331C5432A}.Testing|x64.ActiveCfg = Release|Any CPU
	EndGlobalSection
	GlobalSection(SolutionProperties) = preSolution
		HideSolutionNode = FALSE
	EndGlobalSection
EndGlobal
