
Microsoft Visual Studio Solution File, Format Version 12.00
# Visual Studio 15
VisualStudioVersion = 15.0.27004.2009
MinimumVisualStudioVersion = 10.0.40219.1
Project("{FAE04EC0-301F-11D3-BF4B-00C04F79EFBC}") = "TISServices", "TISServices.csproj", "{C1A8F3CD-5275-45EA-8871-D8A74D4ED6E1}"
EndProject
Project("{2150E333-8FDC-42A3-9474-1A3956D46DE8}") = "Dependencies", "Dependencies", "{DFA3FE47-F82E-4BD9-B448-A44074CEF696}"
EndProject
Project("{FAE04EC0-301F-11D3-BF4B-00C04F79EFBC}") = "TDSQASystemAPI", "..\..\Common\TDSQASystemAPI\TDSQASystemAPI.csproj", "{5A2159CB-2DF4-4B08-9E21-F772B7B03540}"
EndProject
Project("{FAE04EC0-301F-11D3-BF4B-00C04F79EFBC}") = "AIR.Common", "..\..\TDS\Common\AIR.Common\AIR.Common.csproj", "{E11C4060-59B5-401D-BF72-1F52156E64DB}"
EndProject
Project("{FAE04EC0-301F-11D3-BF4B-00C04F79EFBC}") = "OSS.TIS", "..\..\TDSQAService\OSS.TIS\OSS.TIS.csproj", "{CF02DEF3-1CF9-4541-A605-C016F5E67E26}"
EndProject
Project("{FAE04EC0-301F-11D3-BF4B-00C04F79EFBC}") = "ScoringEngine", "..\..\TestScoringEngine\ScoringEngine\ScoringEngine.csproj", "{C7954359-0FA0-444E-87AC-07069CE64E21}"
EndProject
Project("{FAE04EC0-301F-11D3-BF4B-00C04F79EFBC}") = "AIR.Configuration", "..\..\Common\AIR.Configuration\AIR.Configuration.csproj", "{DBD0DD55-EC2E-48B3-A669-B8D331C5432A}"
EndProject
Project("{FAE04EC0-301F-11D3-BF4B-00C04F79EFBC}") = "TISUnitTests", "..\TISUnitTests\TISUnitTests.csproj", "{76507F38-0310-4B92-83C3-740F9282708A}"
EndProject
Global
	GlobalSection(SolutionConfigurationPlatforms) = preSolution
		Debug Manifest|Any CPU = Debug Manifest|Any CPU
		Debug|Any CPU = Debug|Any CPU
		Deployment|Any CPU = Deployment|Any CPU
		Dev|Any CPU = Dev|Any CPU
		Development|Any CPU = Development|Any CPU
		Release|Any CPU = Release|Any CPU
		Testing|Any CPU = Testing|Any CPU
	EndGlobalSection
	GlobalSection(ProjectConfigurationPlatforms) = postSolution
		{C1A8F3CD-5275-45EA-8871-D8A74D4ED6E1}.Debug Manifest|Any CPU.ActiveCfg = Debug|Any CPU
		{C1A8F3CD-5275-45EA-8871-D8A74D4ED6E1}.Debug Manifest|Any CPU.Build.0 = Debug|Any CPU
		{C1A8F3CD-5275-45EA-8871-D8A74D4ED6E1}.Debug|Any CPU.ActiveCfg = Debug|Any CPU
		{C1A8F3CD-5275-45EA-8871-D8A74D4ED6E1}.Debug|Any CPU.Build.0 = Debug|Any CPU
		{C1A8F3CD-5275-45EA-8871-D8A74D4ED6E1}.Deployment|Any CPU.ActiveCfg = Debug|Any CPU
		{C1A8F3CD-5275-45EA-8871-D8A74D4ED6E1}.Deployment|Any CPU.Build.0 = Debug|Any CPU
		{C1A8F3CD-5275-45EA-8871-D8A74D4ED6E1}.Dev|Any CPU.ActiveCfg = Debug|Any CPU
		{C1A8F3CD-5275-45EA-8871-D8A74D4ED6E1}.Dev|Any CPU.Build.0 = Debug|Any CPU
		{C1A8F3CD-5275-45EA-8871-D8A74D4ED6E1}.Development|Any CPU.ActiveCfg = Debug|Any CPU
		{C1A8F3CD-5275-45EA-8871-D8A74D4ED6E1}.Development|Any CPU.Build.0 = Debug|Any CPU
		{C1A8F3CD-5275-45EA-8871-D8A74D4ED6E1}.Release|Any CPU.ActiveCfg = Release|Any CPU
		{C1A8F3CD-5275-45EA-8871-D8A74D4ED6E1}.Release|Any CPU.Build.0 = Release|Any CPU
		{C1A8F3CD-5275-45EA-8871-D8A74D4ED6E1}.Testing|Any CPU.ActiveCfg = Release|Any CPU
		{C1A8F3CD-5275-45EA-8871-D8A74D4ED6E1}.Testing|Any CPU.Build.0 = Release|Any CPU
		{5A2159CB-2DF4-4B08-9E21-F772B7B03540}.Debug Manifest|Any CPU.ActiveCfg = Debug|Any CPU
		{5A2159CB-2DF4-4B08-9E21-F772B7B03540}.Debug Manifest|Any CPU.Build.0 = Debug|Any CPU
		{5A2159CB-2DF4-4B08-9E21-F772B7B03540}.Debug|Any CPU.ActiveCfg = Debug|Any CPU
		{5A2159CB-2DF4-4B08-9E21-F772B7B03540}.Debug|Any CPU.Build.0 = Debug|Any CPU
		{5A2159CB-2DF4-4B08-9E21-F772B7B03540}.Deployment|Any CPU.ActiveCfg = Dev|Any CPU
		{5A2159CB-2DF4-4B08-9E21-F772B7B03540}.Deployment|Any CPU.Build.0 = Dev|Any CPU
		{5A2159CB-2DF4-4B08-9E21-F772B7B03540}.Dev|Any CPU.ActiveCfg = Dev|Any CPU
		{5A2159CB-2DF4-4B08-9E21-F772B7B03540}.Dev|Any CPU.Build.0 = Dev|Any CPU
		{5A2159CB-2DF4-4B08-9E21-F772B7B03540}.Development|Any CPU.ActiveCfg = Dev|Any CPU
		{5A2159CB-2DF4-4B08-9E21-F772B7B03540}.Development|Any CPU.Build.0 = Dev|Any CPU
		{5A2159CB-2DF4-4B08-9E21-F772B7B03540}.Release|Any CPU.ActiveCfg = Release|Any CPU
		{5A2159CB-2DF4-4B08-9E21-F772B7B03540}.Release|Any CPU.Build.0 = Release|Any CPU
		{5A2159CB-2DF4-4B08-9E21-F772B7B03540}.Testing|Any CPU.ActiveCfg = Testing|Any CPU
		{5A2159CB-2DF4-4B08-9E21-F772B7B03540}.Testing|Any CPU.Build.0 = Testing|Any CPU
		{E11C4060-59B5-401D-BF72-1F52156E64DB}.Debug Manifest|Any CPU.ActiveCfg = Debug Manifest|Any CPU
		{E11C4060-59B5-401D-BF72-1F52156E64DB}.Debug Manifest|Any CPU.Build.0 = Debug Manifest|Any CPU
		{E11C4060-59B5-401D-BF72-1F52156E64DB}.Debug|Any CPU.ActiveCfg = Debug|Any CPU
		{E11C4060-59B5-401D-BF72-1F52156E64DB}.Debug|Any CPU.Build.0 = Debug|Any CPU
		{E11C4060-59B5-401D-BF72-1F52156E64DB}.Deployment|Any CPU.ActiveCfg = Deployment|Any CPU
		{E11C4060-59B5-401D-BF72-1F52156E64DB}.Deployment|Any CPU.Build.0 = Deployment|Any CPU
		{E11C4060-59B5-401D-BF72-1F52156E64DB}.Dev|Any CPU.ActiveCfg = Development|Any CPU
		{E11C4060-59B5-401D-BF72-1F52156E64DB}.Dev|Any CPU.Build.0 = Development|Any CPU
		{E11C4060-59B5-401D-BF72-1F52156E64DB}.Development|Any CPU.ActiveCfg = Development|Any CPU
		{E11C4060-59B5-401D-BF72-1F52156E64DB}.Development|Any CPU.Build.0 = Development|Any CPU
		{E11C4060-59B5-401D-BF72-1F52156E64DB}.Release|Any CPU.ActiveCfg = Release|Any CPU
		{E11C4060-59B5-401D-BF72-1F52156E64DB}.Release|Any CPU.Build.0 = Release|Any CPU
		{E11C4060-59B5-401D-BF72-1F52156E64DB}.Testing|Any CPU.ActiveCfg = Deployment|Any CPU
		{E11C4060-59B5-401D-BF72-1F52156E64DB}.Testing|Any CPU.Build.0 = Deployment|Any CPU
		{CF02DEF3-1CF9-4541-A605-C016F5E67E26}.Debug Manifest|Any CPU.ActiveCfg = Debug|Any CPU
		{CF02DEF3-1CF9-4541-A605-C016F5E67E26}.Debug Manifest|Any CPU.Build.0 = Debug|Any CPU
		{CF02DEF3-1CF9-4541-A605-C016F5E67E26}.Debug|Any CPU.ActiveCfg = Debug|Any CPU
		{CF02DEF3-1CF9-4541-A605-C016F5E67E26}.Debug|Any CPU.Build.0 = Debug|Any CPU
		{CF02DEF3-1CF9-4541-A605-C016F5E67E26}.Deployment|Any CPU.ActiveCfg = Debug|Any CPU
		{CF02DEF3-1CF9-4541-A605-C016F5E67E26}.Deployment|Any CPU.Build.0 = Debug|Any CPU
		{CF02DEF3-1CF9-4541-A605-C016F5E67E26}.Dev|Any CPU.ActiveCfg = Debug|Any CPU
		{CF02DEF3-1CF9-4541-A605-C016F5E67E26}.Dev|Any CPU.Build.0 = Debug|Any CPU
		{CF02DEF3-1CF9-4541-A605-C016F5E67E26}.Development|Any CPU.ActiveCfg = Debug|Any CPU
		{CF02DEF3-1CF9-4541-A605-C016F5E67E26}.Development|Any CPU.Build.0 = Debug|Any CPU
		{CF02DEF3-1CF9-4541-A605-C016F5E67E26}.Release|Any CPU.ActiveCfg = Release|Any CPU
		{CF02DEF3-1CF9-4541-A605-C016F5E67E26}.Release|Any CPU.Build.0 = Release|Any CPU
		{CF02DEF3-1CF9-4541-A605-C016F5E67E26}.Testing|Any CPU.ActiveCfg = Release|Any CPU
		{CF02DEF3-1CF9-4541-A605-C016F5E67E26}.Testing|Any CPU.Build.0 = Release|Any CPU
		{C7954359-0FA0-444E-87AC-07069CE64E21}.Debug Manifest|Any CPU.ActiveCfg = Debug|Any CPU
		{C7954359-0FA0-444E-87AC-07069CE64E21}.Debug Manifest|Any CPU.Build.0 = Debug|Any CPU
		{C7954359-0FA0-444E-87AC-07069CE64E21}.Debug|Any CPU.ActiveCfg = Debug|Any CPU
		{C7954359-0FA0-444E-87AC-07069CE64E21}.Debug|Any CPU.Build.0 = Debug|Any CPU
		{C7954359-0FA0-444E-87AC-07069CE64E21}.Deployment|Any CPU.ActiveCfg = Debug|Any CPU
		{C7954359-0FA0-444E-87AC-07069CE64E21}.Deployment|Any CPU.Build.0 = Debug|Any CPU
		{C7954359-0FA0-444E-87AC-07069CE64E21}.Dev|Any CPU.ActiveCfg = Debug|Any CPU
		{C7954359-0FA0-444E-87AC-07069CE64E21}.Dev|Any CPU.Build.0 = Debug|Any CPU
		{C7954359-0FA0-444E-87AC-07069CE64E21}.Development|Any CPU.ActiveCfg = Debug|Any CPU
		{C7954359-0FA0-444E-87AC-07069CE64E21}.Development|Any CPU.Build.0 = Debug|Any CPU
		{C7954359-0FA0-444E-87AC-07069CE64E21}.Release|Any CPU.ActiveCfg = Release|Any CPU
		{C7954359-0FA0-444E-87AC-07069CE64E21}.Release|Any CPU.Build.0 = Release|Any CPU
		{C7954359-0FA0-444E-87AC-07069CE64E21}.Testing|Any CPU.ActiveCfg = Release|Any CPU
		{C7954359-0FA0-444E-87AC-07069CE64E21}.Testing|Any CPU.Build.0 = Release|Any CPU
		{DBD0DD55-EC2E-48B3-A669-B8D331C5432A}.Debug Manifest|Any CPU.ActiveCfg = Debug|Any CPU
		{DBD0DD55-EC2E-48B3-A669-B8D331C5432A}.Debug Manifest|Any CPU.Build.0 = Debug|Any CPU
		{DBD0DD55-EC2E-48B3-A669-B8D331C5432A}.Debug|Any CPU.ActiveCfg = Debug|Any CPU
		{DBD0DD55-EC2E-48B3-A669-B8D331C5432A}.Debug|Any CPU.Build.0 = Debug|Any CPU
		{DBD0DD55-EC2E-48B3-A669-B8D331C5432A}.Deployment|Any CPU.ActiveCfg = Debug|Any CPU
		{DBD0DD55-EC2E-48B3-A669-B8D331C5432A}.Deployment|Any CPU.Build.0 = Debug|Any CPU
		{DBD0DD55-EC2E-48B3-A669-B8D331C5432A}.Dev|Any CPU.ActiveCfg = Debug|Any CPU
		{DBD0DD55-EC2E-48B3-A669-B8D331C5432A}.Dev|Any CPU.Build.0 = Debug|Any CPU
		{DBD0DD55-EC2E-48B3-A669-B8D331C5432A}.Development|Any CPU.ActiveCfg = Debug|Any CPU
		{DBD0DD55-EC2E-48B3-A669-B8D331C5432A}.Development|Any CPU.Build.0 = Debug|Any CPU
		{DBD0DD55-EC2E-48B3-A669-B8D331C5432A}.Release|Any CPU.ActiveCfg = Release|Any CPU
		{DBD0DD55-EC2E-48B3-A669-B8D331C5432A}.Release|Any CPU.Build.0 = Release|Any CPU
		{DBD0DD55-EC2E-48B3-A669-B8D331C5432A}.Testing|Any CPU.ActiveCfg = Release|Any CPU
		{DBD0DD55-EC2E-48B3-A669-B8D331C5432A}.Testing|Any CPU.Build.0 = Release|Any CPU
		{76507F38-0310-4B92-83C3-740F9282708A}.Debug Manifest|Any CPU.ActiveCfg = Debug|Any CPU
		{76507F38-0310-4B92-83C3-740F9282708A}.Debug Manifest|Any CPU.Build.0 = Debug|Any CPU
		{76507F38-0310-4B92-83C3-740F9282708A}.Debug|Any CPU.ActiveCfg = Debug|Any CPU
		{76507F38-0310-4B92-83C3-740F9282708A}.Debug|Any CPU.Build.0 = Debug|Any CPU
		{76507F38-0310-4B92-83C3-740F9282708A}.Deployment|Any CPU.ActiveCfg = Debug|Any CPU
		{76507F38-0310-4B92-83C3-740F9282708A}.Deployment|Any CPU.Build.0 = Debug|Any CPU
		{76507F38-0310-4B92-83C3-740F9282708A}.Dev|Any CPU.ActiveCfg = Debug|Any CPU
		{76507F38-0310-4B92-83C3-740F9282708A}.Dev|Any CPU.Build.0 = Debug|Any CPU
		{76507F38-0310-4B92-83C3-740F9282708A}.Development|Any CPU.ActiveCfg = Debug|Any CPU
		{76507F38-0310-4B92-83C3-740F9282708A}.Development|Any CPU.Build.0 = Debug|Any CPU
		{76507F38-0310-4B92-83C3-740F9282708A}.Release|Any CPU.ActiveCfg = Release|Any CPU
		{76507F38-0310-4B92-83C3-740F9282708A}.Release|Any CPU.Build.0 = Release|Any CPU
		{76507F38-0310-4B92-83C3-740F9282708A}.Testing|Any CPU.ActiveCfg = Release|Any CPU
		{76507F38-0310-4B92-83C3-740F9282708A}.Testing|Any CPU.Build.0 = Release|Any CPU
	EndGlobalSection
	GlobalSection(SolutionProperties) = preSolution
		HideSolutionNode = FALSE
	EndGlobalSection
	GlobalSection(NestedProjects) = preSolution
		{5A2159CB-2DF4-4B08-9E21-F772B7B03540} = {DFA3FE47-F82E-4BD9-B448-A44074CEF696}
		{E11C4060-59B5-401D-BF72-1F52156E64DB} = {DFA3FE47-F82E-4BD9-B448-A44074CEF696}
		{CF02DEF3-1CF9-4541-A605-C016F5E67E26} = {DFA3FE47-F82E-4BD9-B448-A44074CEF696}
		{C7954359-0FA0-444E-87AC-07069CE64E21} = {DFA3FE47-F82E-4BD9-B448-A44074CEF696}
		{DBD0DD55-EC2E-48B3-A669-B8D331C5432A} = {DFA3FE47-F82E-4BD9-B448-A44074CEF696}
	EndGlobalSection
	GlobalSection(ExtensibilityGlobals) = postSolution
		SolutionGuid = {7B17E577-03E1-4CEF-9E53-5752DD52A5F3}
	EndGlobalSection
EndGlobal
